Microsoft Visual Studio Solution File, Format Version 12.00
# Visual Studio Version 17
VisualStudioVersion = 17.5.2.0
MinimumVisualStudioVersion = 10.0.40219.1
Project("{FAE04EC0-301F-11D3-BF4B-00C04F79EFBC}") = "System.IO ( Rest )", "System.IO ( Rest ).csproj", "{8E873B17-DFE1-D919-220F-A13195C2E6F6}"
EndProject
Global
	GlobalSection(SolutionConfigurationPlatforms) = preSolution
		Debug|Any CPU = Debug|Any CPU
		Release|Any CPU = Release|Any CPU
	EndGlobalSection
	GlobalSection(ProjectConfigurationPlatforms) = postSolution
		{8E873B17-DFE1-D919-220F-A13195C2E6F6}.Debug|Any CPU.ActiveCfg = Debug|Any CPU
		{8E873B17-DFE1-D919-220F-A13195C2E6F6}.Debug|Any CPU.Build.0 = Debug|Any CPU
		{8E873B17-DFE1-D919-220F-A13195C2E6F6}.Release|Any CPU.ActiveCfg = Release|Any CPU
		{8E873B17-DFE1-D919-220F-A13195C2E6F6}.Release|Any CPU.Build.0 = Release|Any CPU
	EndGlobalSection
	GlobalSection(SolutionProperties) = preSolution
		HideSolutionNode = FALSE
	EndGlobalSection
	GlobalSection(ExtensibilityGlobals) = postSolution
		SolutionGuid = {28BF0570-65AF-4350-8013-846598020EDB}
	EndGlobalSection
EndGlobal
