
Microsoft Visual Studio Solution File, Format Version 12.00
# Visual Studio Version 17
VisualStudioVersion = 17.5.002.0
MinimumVisualStudioVersion = 10.0.40219.1
Project("{9A19103F-16F7-4668-BE54-9A1E7A4F7556}") = "Fibonacci", "Fibonacci.csproj", "{084CC6F5-A6C1-485D-BD4E-4BD99FBFDEAE}"
EndProject
Global
	GlobalSection(SolutionConfigurationPlatforms) = preSolution
		Debug|Any CPU = Debug|Any CPU
		Release|Any CPU = Release|Any CPU
	EndGlobalSection
	GlobalSection(ProjectConfigurationPlatforms) = postSolution
		{084CC6F5-A6C1-485D-BD4E-4BD99FBFDEAE}.Debug|Any CPU.ActiveCfg = Debug|Any CPU
		{084CC6F5-A6C1-485D-BD4E-4BD99FBFDEAE}.Debug|Any CPU.Build.0 = Debug|Any CPU
		{084CC6F5-A6C1-485D-BD4E-4BD99FBFDEAE}.Release|Any CPU.ActiveCfg = Release|Any CPU
		{084CC6F5-A6C1-485D-BD4E-4BD99FBFDEAE}.Release|Any CPU.Build.0 = Release|Any CPU
	EndGlobalSection
	GlobalSection(SolutionProperties) = preSolution
		HideSolutionNode = FALSE
	EndGlobalSection
	GlobalSection(ExtensibilityGlobals) = postSolution
		SolutionGuid = {1968F6F5-E149-4CEA-8EA4-08E9158F13C2}
	EndGlobalSection
EndGlobal
