
Microsoft Visual Studio Solution File, Format Version 12.00
# Visual Studio Version 17
VisualStudioVersion = 17.5.002.0
MinimumVisualStudioVersion = 10.0.40219.1
Project("{9A19103F-16F7-4668-BE54-9A1E7A4F7556}") = "Stopwatch", "Stopwatch.csproj", "{DED8284E-B134-4F11-8537-A6BCEB57879E}"
EndProject
Global
	GlobalSection(SolutionConfigurationPlatforms) = preSolution
		Debug|Any CPU = Debug|Any CPU
		Release|Any CPU = Release|Any CPU
	EndGlobalSection
	GlobalSection(ProjectConfigurationPlatforms) = postSolution
		{DED8284E-B134-4F11-8537-A6BCEB57879E}.Debug|Any CPU.ActiveCfg = Debug|Any CPU
		{DED8284E-B134-4F11-8537-A6BCEB57879E}.Debug|Any CPU.Build.0 = Debug|Any CPU
		{DED8284E-B134-4F11-8537-A6BCEB57879E}.Release|Any CPU.ActiveCfg = Release|Any CPU
		{DED8284E-B134-4F11-8537-A6BCEB57879E}.Release|Any CPU.Build.0 = Release|Any CPU
	EndGlobalSection
	GlobalSection(SolutionProperties) = preSolution
		HideSolutionNode = FALSE
	EndGlobalSection
	GlobalSection(ExtensibilityGlobals) = postSolution
		SolutionGuid = {0AEA2049-DEA4-4CEA-9B3F-FDA9E6CEB387}
	EndGlobalSection
EndGlobal
