
Microsoft Visual Studio Solution File, Format Version 12.00
# Visual Studio Version 17
VisualStudioVersion = 17.5.002.0
MinimumVisualStudioVersion = 10.0.40219.1
Project("{9A19103F-16F7-4668-BE54-9A1E7A4F7556}") = "EditorHtml", "EditorHtml.csproj", "{860BBD6E-8CB6-41FB-8514-7F2209BA82AF}"
EndProject
Global
	GlobalSection(SolutionConfigurationPlatforms) = preSolution
		Debug|Any CPU = Debug|Any CPU
		Release|Any CPU = Release|Any CPU
	EndGlobalSection
	GlobalSection(ProjectConfigurationPlatforms) = postSolution
		{860BBD6E-8CB6-41FB-8514-7F2209BA82AF}.Debug|Any CPU.ActiveCfg = Debug|Any CPU
		{860BBD6E-8CB6-41FB-8514-7F2209BA82AF}.Debug|Any CPU.Build.0 = Debug|Any CPU
		{860BBD6E-8CB6-41FB-8514-7F2209BA82AF}.Release|Any CPU.ActiveCfg = Release|Any CPU
		{860BBD6E-8CB6-41FB-8514-7F2209BA82AF}.Release|Any CPU.Build.0 = Release|Any CPU
	EndGlobalSection
	GlobalSection(SolutionProperties) = preSolution
		HideSolutionNode = FALSE
	EndGlobalSection
	GlobalSection(ExtensibilityGlobals) = postSolution
		SolutionGuid = {5909E3B9-C1F7-4648-A563-7FE5FC6C919A}
	EndGlobalSection
EndGlobal
